<?xml version="1.0" encoding="utf-8"?>
<Project ToolsVersion="17.0" xmlns="http://schemas.microsoft.com/developer/msbuild/2003">
  <ItemGroup>
    <CustomBuild Include="F:\cmake_playground\cmake-3.30.3-tutorial-source\Step1_build\CMakeFiles\37a043ea6ad209937ba9561933dc4450\generate.stamp.rule">
      <Filter>CMake Rules</Filter>
    </CustomBuild>
  </ItemGroup>
  <ItemGroup>
    <Filter Include="CMake Rules">
      <UniqueIdentifier>{DBA7FC0E-5ADA-39C2-A89C-D21EFA36AED6}</UniqueIdentifier>
    </Filter>
  </ItemGroup>
</Project>
